adaptive_number: ea9178fdd4d82ac45cf0ec966ac870dae661124f
dots_indicator: 508f5883ac79bdbc10254092de3f28f571d261cd
ed25519_edwards: 7353ba759ea9f4646cbf481c2ef949625c8ce4cf
flutter_sharing_intent: aa1672f547d6579585fa27df0b28ffa2a2544aaa
hand_signature: 1beedb164d093643365b0832277c377353c7464f
hashlib: 983cdbd5ee2529b908876b57a7217c09c6bc148a
hashlib_codecs: 2a966c37c3b9b1f5541ae88e99ab34acf3fc968b
introduction_screen: 4a90e557630b28834479ed9c64a9d2d0185d8e48
libsignal_protocol_dart: 618f0c0b49534245a640a31d204265440cbac9ee
lottie: 4f1a5a52bdf1e1c1e12fa97c96174dcb05419e19
mutex: 84ca903a3ac863735e3228c75a212133621f680f
no_screenshot: 8e19a8d0e30bd1d5000425cabac7ef3e3da4d5ea
optional: 71c638891ce4f2aff35c7387727989f31f9d877d
photo_view: a13ca2fc387a3fb1276126959e092c44d0029987
pointycastle: bbd8569f68a7fccbdf0b92d0b44a9219c126c8dd
qr: ff808bb3f354e6a7029ec953cbe0144a42021db6
qr_flutter: d5e7206396105d643113618290bbcc755d05f492
restart_app: 12339f63bf8e9631e619c4f9f6b4e013fa324715
x25519: ecb1d357714537bba6e276ef45f093846d4beaee
